
Microsoft Visual Studio Solution File, Format Version 12.00
# Visual Studio Version 17
VisualStudioVersion = 17.14.36915.13 d17.14
MinimumVisualStudioVersion = 10.0.40219.1
Project("{FAE04EC0-301F-11D3-BF4B-00C04F79EFBC}") = "ORM_Manejo", "ORM_Manejo.csproj", "{3E2983DD-A6AE-4187-80F5-66563CE8268D}"
EndProject
Global
	GlobalSection(SolutionConfigurationPlatforms) = preSolution
		Debug|Any CPU = Debug|Any CPU
		Release|Any CPU = Release|Any CPU
	EndGlobalSection
	GlobalSection(ProjectConfigurationPlatforms) = postSolution
		{3E2983DD-A6AE-4187-80F5-66563CE8268D}.Debug|Any CPU.ActiveCfg = Debug|Any CPU
		{3E2983DD-A6AE-4187-80F5-66563CE8268D}.Debug|Any CPU.Build.0 = Debug|Any CPU
		{3E2983DD-A6AE-4187-80F5-66563CE8268D}.Release|Any CPU.ActiveCfg = Release|Any CPU
		{3E2983DD-A6AE-4187-80F5-66563CE8268D}.Release|Any CPU.Build.0 = Release|Any CPU
	EndGlobalSection
	GlobalSection(SolutionProperties) = preSolution
		HideSolutionNode = FALSE
	EndGlobalSection
	GlobalSection(ExtensibilityGlobals) = postSolution
		SolutionGuid = {8A7BCA13-7E3A-4DCE-9398-99DE4648CDD7}
	EndGlobalSection
EndGlobal
